# PicoView → PocketJS dependency pin
#
# `revision` is the dependency authority. `branch_hint` is informational only
# and may drift; the revision never does. Verify before bumping:
#
#   git ls-remote https://github.com/jnhu76/pocketjs.git refs/heads/feat/windows-desktop-parity

repository = https://github.com/jnhu76/pocketjs.git
revision = df869a51225df5e310b84612c9195030c058b6d9
branch_hint = feat/windows-desktop-parity
purpose = PicoView Windows UI/runtime foundation

# V1 image-quality corrective advanced this pin from 6e631f463016a258e63fc9a5f922117b94d4f89f
# to df869a5 (jnhu76/pocketjs#1): Ui::register_native_texture and
# Ui::texture_live_bytes — the generic host-side large-image seam. No new
# DrawList opcode, no guest ABI change; the JS-facing small-texture contract
# is untouched.

# Policy
# - PicoView consumes PocketJS at exactly this revision.
# - No git submodule, no vendoring, no copying PocketJS source into PicoView.
# - Runtime-generic capability work is implemented in jnhu76/pocketjs first,
#   reviewed/merged there, and only then is this lock advanced deliberately.
# - The archive/picoview-20260914/* refs on jnhu76/pocketjs are museum/history
#   only and must never be used as an active dependency.
# - Historical campaign baselines (e.g. pocket-stack/pocketjs a5a8535…) are
#   research history; see docs/history/README.md.
