# PicoView → PocketJS provenance lock

`revision` records the exact upstream PocketJS snapshot imported into PicoView.
PicoView builds against the in-tree path `third_party/pocketjs`; it does not
download PocketJS at build time.

repository = git@github.com:jnhu76/pocketjs.git
revision = 24638737473cc7cd85202ba15adba511b79d9980
branch_hint = integration/picoview-desktop
source_path = third_party/pocketjs
integration_method = git-subtree-squash
purpose = PicoView Windows Desktop runtime integration

# What this revision provides
#
# - Windows Desktop parity in the shared hosts/desktop + pocket-ui-wgpu family;
# - owned RGBA8 logical-resource admission (Ui::upload_owned_rgba8): a host
#   decoder's Vec moves into the existing PocketJS texture record — one
#   logical handle namespace, unchanged generation/revision/free semantics;
# - a direct pocket-ui-wgpu upload path that borrows those RGBA8 bytes for
#   Queue::write_texture with no intermediate canonical CPU plane;
# - R1 desktop presentation geometry (live viewport bounds, exact/transient
#   blit, RenderSignature) on the reviewed integration tip;
# - `pocket-desktop-host` library export of generic R1 presentation geometry
#   (PresentationGeometry / ViewportPolicy / RenderSignature / resolve_geometry)
#   so PicoView consumes the shared rules instead of a local duplicate.

# Consumption rules
#
# - PicoView Cargo dependencies resolve PocketJS crates as path dependencies
#   into `third_party/pocketjs`. No PocketJS git dependency, no submodule.
# - A plain `git clone` of PicoView contains this PocketJS snapshot; no
#   submodule init and no jnhu76/pocketjs fetch is required to build.
# - Do not manually copy files between the PicoView and PocketJS repositories.
# - PocketJS runtime-generic capability work is still implemented and reviewed
#   in jnhu76/pocketjs first, then frozen on integration/picoview-desktop.
#   Neither jnhu76/pocketjs main nor pocket-stack/pocketjs main is an
#   integration target for PicoView-specific dependency advancement.
# - Historical campaign baselines remain research/history only and must never
#   replace this subtree snapshot without a deliberate sync.

# How to update this subtree
#
# 1. git fetch pocketjs
# 2. Verify the reviewed integration SHA:
#      git rev-parse pocketjs/integration/picoview-desktop
#    Confirm it matches the reviewed PocketJS campaign tip (human review).
# 3. Update the subtree:
#      git subtree pull --prefix=third_party/pocketjs pocketjs integration/picoview-desktop --squash
# 4. Advance `revision` in this file to that exact SHA.
# 5. Rebuild/test PicoView and, when relevant, PocketJS tests under
#    third_party/pocketjs. Open a focused PicoView PR.

# HISTORY
# - 3a10550bdea3265ba1202fa322ed57a7adfbce84
#   (R1 desktop presentation geometry in hosts/desktop + BlitSet export).
#   Advanced to 2463873 by PICOVIEW-63-R1-CONSUME-SUBTREE-1 for the shared
#   geometry library API (PocketJS PR #3 / integration/picoview-desktop).
# - 24bab5e8df7d0bb7003ad55c8637e4ee9351f3cb
#   (owned RGBA8 admission; former remote Cargo rev pin). Advanced to R1
#   integration tip 3a10550 with the git-subtree import in
#   PICOVIEW-POCKETJS-SUBTREE-INTEGRATION-1.
# - 6e631f463016a258e63fc9a5f922117b94d4f89f → df869a51225df5e310b84612c9195030c058b6d9
#   (jnhu76/pocketjs#1, the V1 image-quality corrective): introduced
#   Ui::register_native_texture / Ui::texture_live_bytes. Superseded by owned
#   admission; see docs/history/corrective/PICOVIEW-DIRECT-IMAGE-ADMISSION-MIGRATION-1-EVIDENCE.md.
